
Microsoft Visual Studio Solution File, Format Version 12.00
# Visual Studio 15
VisualStudioVersion = 15.0.28307.1062
MinimumVisualStudioVersion = 10.0.40219.1
Project("{8BC9CEB8-8B4A-11D0-8D11-00A0C91BC942}") = "ArrayRead", "ArrayRead\ArrayRead.vcxproj", "{32FBE599-92AA-489D-B48A-975A35A68B29}"
EndProject
Global
	GlobalSection(SolutionConfigurationPlatforms) = preSolution
		Debug|x64 = Debug|x64
		Debug|x86 = Debug|x86
		Release|x64 = Release|x64
		Release|x86 = Release|x86
	EndGlobalSection
	GlobalSection(ProjectConfigurationPlatforms) = postSolution
		{32FBE599-92AA-489D-B48A-975A35A68B29}.Debug|x64.ActiveCfg = Debug|x64
		{32FBE599-92AA-489D-B48A-975A35A68B29}.Debug|x64.Build.0 = Debug|x64
		{32FBE599-92AA-489D-B48A-975A35A68B29}.Debug|x86.ActiveCfg = Debug|Win32
		{32FBE599-92AA-489D-B48A-975A35A68B29}.Debug|x86.Build.0 = Debug|Win32
		{32FBE599-92AA-489D-B48A-975A35A68B29}.Release|x64.ActiveCfg = Release|x64
		{32FBE599-92AA-489D-B48A-975A35A68B29}.Release|x64.Build.0 = Release|x64
		{32FBE599-92AA-489D-B48A-975A35A68B29}.Release|x86.ActiveCfg = Release|Win32
		{32FBE599-92AA-489D-B48A-975A35A68B29}.Release|x86.Build.0 = Release|Win32
	EndGlobalSection
	GlobalSection(SolutionProperties) = preSolution
		HideSolutionNode = FALSE
	EndGlobalSection
	GlobalSection(ExtensibilityGlobals) = postSolution
		SolutionGuid = {55269197-4757-48B6-B92A-0FD019A46A14}
	EndGlobalSection
EndGlobal
